
Microsoft Visual Studio Solution File, Format Version 12.00
# Visual Studio Version 17
VisualStudioVersion = 17.8.34511.84
MinimumVisualStudioVersion = 10.0.40219.1
Project("{FAE04EC0-301F-11D3-BF4B-00C04F79EFBC}") = "FormsStudy", "FormsStudy.csproj", "{CA3DD4B1-76A6-4945-9314-57B346945EB1}"
EndProject
Global
	GlobalSection(SolutionConfigurationPlatforms) = preSolution
		Debug|Any CPU = Debug|Any CPU
		Release|Any CPU = Release|Any CPU
	EndGlobalSection
	GlobalSection(ProjectConfigurationPlatforms) = postSolution
		{CA3DD4B1-76A6-4945-9314-57B346945EB1}.Debug|Any CPU.ActiveCfg = Debug|Any CPU
		{CA3DD4B1-76A6-4945-9314-57B346945EB1}.Debug|Any CPU.Build.0 = Debug|Any CPU
		{CA3DD4B1-76A6-4945-9314-57B346945EB1}.Release|Any CPU.ActiveCfg = Release|Any CPU
		{CA3DD4B1-76A6-4945-9314-57B346945EB1}.Release|Any CPU.Build.0 = Release|Any CPU
	EndGlobalSection
	GlobalSection(SolutionProperties) = preSolution
		HideSolutionNode = FALSE
	EndGlobalSection
	GlobalSection(ExtensibilityGlobals) = postSolution
		SolutionGuid = {77EBD720-D62C-4A37-AD43-068B9C798402}
	EndGlobalSection
EndGlobal
